
Microsoft Visual Studio Solution File, Format Version 12.00
# Visual Studio Version 17
VisualStudioVersion = 17.8.34511.84
MinimumVisualStudioVersion = 10.0.40219.1
Project("{9A19103F-16F7-4668-BE54-9A1E7A4F7556}") = "DomainDrivenDesign.Api", "DomainDrivenDesigne.Api\DomainDrivenDesign.Api.csproj", "{A926FEFB-688E-4134-94E7-085E2E838481}"
EndProject
Project("{FAE04EC0-301F-11D3-BF4B-00C04F79EFBC}") = "DomainDrivenDesign.Common", "DomainDrivenDesign.Common\DomainDrivenDesign.Common.csproj", "{396DD031-E042-44DF-9BD0-C66BF357E245}"
EndProject
Project("{FAE04EC0-301F-11D3-BF4B-00C04F79EFBC}") = "DomainDrivenDesign.Infrastructure", "DomainDrivenDesign.Infrastructure\DomainDrivenDesign.Infrastructure.csproj", "{CF79A67E-38CD-4B70-ADC3-1F3905140A52}"
EndProject
Project("{FAE04EC0-301F-11D3-BF4B-00C04F79EFBC}") = "DomainDrivenDesign.Domain", "DomainDrivenDesign.Domain\DomainDrivenDesign.Domain.csproj", "{6A6611E0-D156-45A9-A7BB-DE870C26659E}"
EndProject
Project("{FAE04EC0-301F-11D3-BF4B-00C04F79EFBC}") = "DomainDrivenDesign.Application", "DomainDrivenDesign.Application\DomainDrivenDesign.Application.csproj", "{C440628A-8EDC-4F1D-B947-FD26253FDE72}"
EndProject
Global
	GlobalSection(SolutionConfigurationPlatforms) = preSolution
		Debug|Any CPU = Debug|Any CPU
		Release|Any CPU = Release|Any CPU
	EndGlobalSection
	GlobalSection(ProjectConfigurationPlatforms) = postSolution
		{A926FEFB-688E-4134-94E7-085E2E838481}.Debug|Any CPU.ActiveCfg = Debug|Any CPU
		{A926FEFB-688E-4134-94E7-085E2E838481}.Debug|Any CPU.Build.0 = Debug|Any CPU
		{A926FEFB-688E-4134-94E7-085E2E838481}.Release|Any CPU.ActiveCfg = Release|Any CPU
		{A926FEFB-688E-4134-94E7-085E2E838481}.Release|Any CPU.Build.0 = Release|Any CPU
		{396DD031-E042-44DF-9BD0-C66BF357E245}.Debug|Any CPU.ActiveCfg = Debug|Any CPU
		{396DD031-E042-44DF-9BD0-C66BF357E245}.Debug|Any CPU.Build.0 = Debug|Any CPU
		{396DD031-E042-44DF-9BD0-C66BF357E245}.Release|Any CPU.ActiveCfg = Release|Any CPU
		{396DD031-E042-44DF-9BD0-C66BF357E245}.Release|Any CPU.Build.0 = Release|Any CPU
		{CF79A67E-38CD-4B70-ADC3-1F3905140A52}.Debug|Any CPU.ActiveCfg = Debug|Any CPU
		{CF79A67E-38CD-4B70-ADC3-1F3905140A52}.Debug|Any CPU.Build.0 = Debug|Any CPU
		{CF79A67E-38CD-4B70-ADC3-1F3905140A52}.Release|Any CPU.ActiveCfg = Release|Any CPU
		{CF79A67E-38CD-4B70-ADC3-1F3905140A52}.Release|Any CPU.Build.0 = Release|Any CPU
		{6A6611E0-D156-45A9-A7BB-DE870C26659E}.Debug|Any CPU.ActiveCfg = Debug|Any CPU
		{6A6611E0-D156-45A9-A7BB-DE870C26659E}.Debug|Any CPU.Build.0 = Debug|Any CPU
		{6A6611E0-D156-45A9-A7BB-DE870C26659E}.Release|Any CPU.ActiveCfg = Release|Any CPU
		{6A6611E0-D156-45A9-A7BB-DE870C26659E}.Release|Any CPU.Build.0 = Release|Any CPU
		{C440628A-8EDC-4F1D-B947-FD26253FDE72}.Debug|Any CPU.ActiveCfg = Debug|Any CPU
		{C440628A-8EDC-4F1D-B947-FD26253FDE72}.Debug|Any CPU.Build.0 = Debug|Any CPU
		{C440628A-8EDC-4F1D-B947-FD26253FDE72}.Release|Any CPU.ActiveCfg = Release|Any CPU
		{C440628A-8EDC-4F1D-B947-FD26253FDE72}.Release|Any CPU.Build.0 = Release|Any CPU
	EndGlobalSection
	GlobalSection(SolutionProperties) = preSolution
		HideSolutionNode = FALSE
	EndGlobalSection
	GlobalSection(ExtensibilityGlobals) = postSolution
		SolutionGuid = {2775DFB9-A711-440E-AC64-F7F3D1A2BF99}
	EndGlobalSection
EndGlobal
